
Microsoft Visual Studio Solution File, Format Version 12.00
# Visual Studio 15
VisualStudioVersion = 15.0.27004.2002
MinimumVisualStudioVersion = 10.0.40219.1
Project("{FAE04EC0-301F-11D3-BF4B-00C04F79EFBC}") = "TalentManager", "TalentManager\TalentManager.csproj", "{9C18F81D-E269-4C0B-AE16-5F8EEBFBEA73}"
EndProject
Global
	GlobalSection(SolutionConfigurationPlatforms) = preSolution
		Debug|Any CPU = Debug|Any CPU
		Release|Any CPU = Release|Any CPU
	EndGlobalSection
	GlobalSection(ProjectConfigurationPlatforms) = postSolution
		{9C18F81D-E269-4C0B-AE16-5F8EEBFBEA73}.Debug|Any CPU.ActiveCfg = Debug|Any CPU
		{9C18F81D-E269-4C0B-AE16-5F8EEBFBEA73}.Debug|Any CPU.Build.0 = Debug|Any CPU
		{9C18F81D-E269-4C0B-AE16-5F8EEBFBEA73}.Release|Any CPU.ActiveCfg = Release|Any CPU
		{9C18F81D-E269-4C0B-AE16-5F8EEBFBEA73}.Release|Any CPU.Build.0 = Release|Any CPU
	EndGlobalSection
	GlobalSection(SolutionProperties) = preSolution
		HideSolutionNode = FALSE
	EndGlobalSection
	GlobalSection(ExtensibilityGlobals) = postSolution
		SolutionGuid = {C6455415-4514-4F5A-BCD2-14ED3CB8703A}
	EndGlobalSection
EndGlobal
